
Microsoft Visual Studio Solution File, Format Version 12.00
# Visual Studio Version 16
VisualStudioVersion = 16.0.30914.41
MinimumVisualStudioVersion = 10.0.40219.1
Project("{8BC9CEB8-8B4A-11D0-8D11-00A0C91BC942}") = "StripPackGraphics", "StripPackGraphics.vcxproj", "{54B6258E-B43E-40FA-8650-988645A8CFBF}"
EndProject
Global
	GlobalSection(SolutionConfigurationPlatforms) = preSolution
		Debug|x64 = Debug|x64
		Debug|x86 = Debug|x86
		Release|x64 = Release|x64
		Release|x86 = Release|x86
	EndGlobalSection
	GlobalSection(ProjectConfigurationPlatforms) = postSolution
		{54B6258E-B43E-40FA-8650-988645A8CFBF}.Debug|x64.ActiveCfg = Debug|x64
		{54B6258E-B43E-40FA-8650-988645A8CFBF}.Debug|x64.Build.0 = Debug|x64
		{54B6258E-B43E-40FA-8650-988645A8CFBF}.Debug|x86.ActiveCfg = Debug|Win32
		{54B6258E-B43E-40FA-8650-988645A8CFBF}.Debug|x86.Build.0 = Debug|Win32
		{54B6258E-B43E-40FA-8650-988645A8CFBF}.Release|x64.ActiveCfg = Release|x64
		{54B6258E-B43E-40FA-8650-988645A8CFBF}.Release|x64.Build.0 = Release|x64
		{54B6258E-B43E-40FA-8650-988645A8CFBF}.Release|x86.ActiveCfg = Release|Win32
		{54B6258E-B43E-40FA-8650-988645A8CFBF}.Release|x86.Build.0 = Release|Win32
	EndGlobalSection
	GlobalSection(SolutionProperties) = preSolution
		HideSolutionNode = FALSE
	EndGlobalSection
	GlobalSection(ExtensibilityGlobals) = postSolution
		SolutionGuid = {46533A51-A4E3-41E8-A504-980A10B62F6A}
	EndGlobalSection
EndGlobal
